
Microsoft Visual Studio Solution File, Format Version 12.00
# Visual Studio Version 17
VisualStudioVersion = 17.8.34330.188
MinimumVisualStudioVersion = 10.0.40219.1
Project("{FAE04EC0-301F-11D3-BF4B-00C04F79EFBC}") = "EyeTrackerOnWindows", "src\EyeTracker\EyeTrackerOnWindows.csproj", "{B209A58D-5929-4344-B817-D2A3B6C1BE54}"
EndProject
Project("{FAE04EC0-301F-11D3-BF4B-00C04F79EFBC}") = "EyeTrackerWithOpenCV", "src\MobileEyeTracker\EyeTrackerWithOpenCV.csproj", "{8B80139F-1ECC-47D5-940D-651CD2D3C96B}"
EndProject
Global
	GlobalSection(SolutionConfigurationPlatforms) = preSolution
		Debug|Any CPU = Debug|Any CPU
		Release|Any CPU = Release|Any CPU
	EndGlobalSection
	GlobalSection(ProjectConfigurationPlatforms) = postSolution
		{B209A58D-5929-4344-B817-D2A3B6C1BE54}.Debug|Any CPU.ActiveCfg = Debug|Any CPU
		{B209A58D-5929-4344-B817-D2A3B6C1BE54}.Debug|Any CPU.Build.0 = Debug|Any CPU
		{B209A58D-5929-4344-B817-D2A3B6C1BE54}.Release|Any CPU.ActiveCfg = Release|Any CPU
		{B209A58D-5929-4344-B817-D2A3B6C1BE54}.Release|Any CPU.Build.0 = Release|Any CPU
		{8B80139F-1ECC-47D5-940D-651CD2D3C96B}.Debug|Any CPU.ActiveCfg = Debug|Any CPU
		{8B80139F-1ECC-47D5-940D-651CD2D3C96B}.Debug|Any CPU.Build.0 = Debug|Any CPU
		{8B80139F-1ECC-47D5-940D-651CD2D3C96B}.Release|Any CPU.ActiveCfg = Release|Any CPU
		{8B80139F-1ECC-47D5-940D-651CD2D3C96B}.Release|Any CPU.Build.0 = Release|Any CPU
	EndGlobalSection
	GlobalSection(SolutionProperties) = preSolution
		HideSolutionNode = FALSE
	EndGlobalSection
EndGlobal
